{
  "name": "sms-notification",
  "version": "1.0.0",
  "lockfileVersion": 1,
  "requires": true,
  "dependencies": {
    "arr-union": {
      "version": "3.1.0",
      "resolved": "https://registry.npmjs.org/arr-union/-/arr-union-3.1.0.tgz",
      "integrity": "sha1-45sJrqne+Gao8gbiiK9jkZuuOcQ="
    },
    "bytewise": {
      "version": "1.1.0",
      "resolved": "https://registry.npmjs.org/bytewise/-/bytewise-1.1.0.tgz",
      "integrity": "sha1-HRPL/3F65xWAlKqIGzXQgbOHJT4=",
      "requires": {
        "bytewise-core": "^1.2.2",
        "typewise": "^1.0.3"
      }
    },
    "bytewise-core": {
      "version": "1.2.3",
      "resolved": "https://registry.npmjs.org/bytewise-core/-/bytewise-core-1.2.3.tgz",
      "integrity": "sha1-P7QQx+kVWOsasiqCg0V3qmvWHUI=",
      "requires": {
        "typewise-core": "^1.2"
      }
    },
    "extend-shallow": {
      "version": "2.0.1",
      "resolved": "https://registry.npmjs.org/extend-shallow/-/extend-shallow-2.0.1.tgz",
      "integrity": "sha1-Ua99YUrZqfYQ6huvu5idaxxWiQ8=",
      "requires": {
        "is-extendable": "^0.1.0"
      }
    },
    "get-value": {
      "version": "2.0.6",
      "resolved": "https://registry.npmjs.org/get-value/-/get-value-2.0.6.tgz",
      "integrity": "sha1-3BXKHGcjh8p2vTesCjlbogQqLCg="
    },
    "is-buffer": {
      "version": "1.1.6",
      "resolved": "https://registry.npmjs.org/is-buffer/-/is-buffer-1.1.6.tgz",
      "integrity": "sha512-NcdALwpXkTm5Zvvbk7owOUSvVvBKDgKP5/ewfXEznmQFfs4ZRmanOeKBTjRVjka3QFoN6XJ+9F3USqfHqTaU5w=="
    },
    "is-extendable": {
      "version": "0.1.1",
      "resolved": "https://registry.npmjs.org/is-extendable/-/is-extendable-0.1.1.tgz",
      "integrity": "sha1-YrEQ4omkcUGOPsNqYX1HLjAd/Ik="
    },
    "is-plain-object": {
      "version": "2.0.4",
      "resolved": "https://registry.npmjs.org/is-plain-object/-/is-plain-object-2.0.4.tgz",
      "integrity": "sha512-h5PpgXkWitc38BBMYawTYMWJHFZJVnBquFE57xFpjB8pJFiF6gZ+bU+WyI/yqXiFR5mdLsgYNaPe8uao6Uv9Og==",
      "requires": {
        "isobject": "^3.0.1"
      }
    },
    "isobject": {
      "version": "3.0.1",
      "resolved": "https://registry.npmjs.org/isobject/-/isobject-3.0.1.tgz",
      "integrity": "sha1-TkMekrEalzFjaqH5yNHMvP2reN8="
    },
    "kind-of": {
      "version": "3.2.2",
      "resolved": "https://registry.npmjs.org/kind-of/-/kind-of-3.2.2.tgz",
      "integrity": "sha1-MeohpzS6ubuw8yRm2JOupR5KPGQ=",
      "requires": {
        "is-buffer": "^1.1.5"
      }
    },
    "messagebird": {
      "version": "2.4.1",
      "resolved": "https://registry.npmjs.org/messagebird/-/messagebird-2.4.1.tgz",
      "integrity": "sha512-ZsWotkSG/5zV/5ScNb0FGqOq74WTSEY5bQGY77xcGflTuXxPYa7GuwZXQYVUb5lHLi8gzz5tluJBkgXXfSUWSA==",
      "requires": {
        "safe-buffer": "^5.1.2",
        "scmp": "^2.0.0",
        "sort-object": "^3.0.2"
      }
    },
    "safe-buffer": {
      "version": "5.2.0",
      "resolved": "https://registry.npmjs.org/safe-buffer/-/safe-buffer-5.2.0.tgz",
      "integrity": "sha512-fZEwUGbVl7kouZs1jCdMLdt95hdIv0ZeHg6L7qPeciMZhZ+/gdesW4wgTARkrFWEpspjEATAzUGPG8N2jJiwbg=="
    },
    "scmp": {
      "version": "2.0.0",
      "resolved": "https://registry.npmjs.org/scmp/-/scmp-2.0.0.tgz",
      "integrity": "sha1-JHEQ7yLM+JexOj8KvdtSeCOTzWo="
    },
    "set-value": {
      "version": "0.4.3",
      "resolved": "https://registry.npmjs.org/set-value/-/set-value-0.4.3.tgz",
      "integrity": "sha1-fbCPnT0i3H945Trzw79GZuzfzPE=",
      "requires": {
        "extend-shallow": "^2.0.1",
        "is-extendable": "^0.1.1",
        "is-plain-object": "^2.0.1",
        "to-object-path": "^0.3.0"
      }
    },
    "sort-asc": {
      "version": "0.2.0",
      "resolved": "https://registry.npmjs.org/sort-asc/-/sort-asc-0.2.0.tgz",
      "integrity": "sha1-AKSelHvCXVEL/eLLuN/9qfUOsvw="
    },
    "sort-desc": {
      "version": "0.2.0",
      "resolved": "https://registry.npmjs.org/sort-desc/-/sort-desc-0.2.0.tgz",
      "integrity": "sha1-KAwb2vxld4h87brR7S5BwDeXZkY="
    },
    "sort-object": {
      "version": "3.0.2",
      "resolved": "https://registry.npmjs.org/sort-object/-/sort-object-3.0.2.tgz",
      "integrity": "sha1-2vK2k/YR990qIbgrgF5OrCMPdV4=",
      "requires": {
        "bytewise": "^1.1.0",
        "get-value": "^2.0.2",
        "is-extendable": "^0.1.1",
        "sort-asc": "^0.2.0",
        "sort-desc": "^0.2.0",
        "union-value": "^0.2.3"
      }
    },
    "to-object-path": {
      "version": "0.3.0",
      "resolved": "https://registry.npmjs.org/to-object-path/-/to-object-path-0.3.0.tgz",
      "integrity": "sha1-KXWIt7Dn4KwI4E5nL4XB9JmeF68=",
      "requires": {
        "kind-of": "^3.0.2"
      }
    },
    "typewise": {
      "version": "1.0.3",
      "resolved": "https://registry.npmjs.org/typewise/-/typewise-1.0.3.tgz",
      "integrity": "sha1-EGeTZUCvl5N8xdz5kiSG6fooRlE=",
      "requires": {
        "typewise-core": "^1.2.0"
      }
    },
    "typewise-core": {
      "version": "1.2.0",
      "resolved": "https://registry.npmjs.org/typewise-core/-/typewise-core-1.2.0.tgz",
      "integrity": "sha1-l+uRgFx/VdL5QXSPpQ0xXZke8ZU="
    },
    "union-value": {
      "version": "0.2.4",
      "resolved": "https://registry.npmjs.org/union-value/-/union-value-0.2.4.tgz",
      "integrity": "sha1-c3UVJ4ZnkFfns3qmdug0aPwCdPA=",
      "requires": {
        "arr-union": "^3.1.0",
        "get-value": "^2.0.6",
        "is-extendable": "^0.1.1",
        "set-value": "^0.4.3"
      }
    }
  }
}
